// !$*UTF8*$!
{
	archiveVersion = 1;
	classes = {
	};
	objectVersion = 48;
	objects = {

/* Begin PBXBuildFile section */
		EF375A9F21BAB6FE00C42032 /* Array2D.swift in Sources */ = {isa = PBXBuildFile; fileRef = EF375A9E21BAB6FD00C42032 /* Array2D.swift */; };
		EF7F30F521B96D0D00247E6D /* drop.mp3 in Resources */ = {isa = PBXBuildFile; fileRef = EF7F30F021B96D0D00247E6D /* drop.mp3 */; };
		EF7F30F621B96D0D00247E6D /* levelup.mp3 in Resources */ = {isa = PBXBuildFile; fileRef = EF7F30F121B96D0D00247E6D /* levelup.mp3 */; };
		EF7F30F721B96D0D00247E6D /* gameover.mp3 in Resources */ = {isa = PBXBuildFile; fileRef = EF7F30F221B96D0D00247E6D /* gameover.mp3 */; };
		EF7F30F821B96D0D00247E6D /* theme.mp3 in Resources */ = {isa = PBXBuildFile; fileRef = EF7F30F321B96D0D00247E6D /* theme.mp3 */; };
		EF7F30F921B96D0D00247E6D /* bomb.mp3 in Resources */ = {isa = PBXBuildFile; fileRef = EF7F30F421B96D0D00247E6D /* bomb.mp3 */; };
		EF7F30FB21B96D2500247E6D /* Sprites.atlas in Resources */ = {isa = PBXBuildFile; fileRef = EF7F30FA21B96D2500247E6D /* Sprites.atlas */; };
		EFB465A221B96B8100094F5F /* AppDelegate.swift in Sources */ = {isa = PBXBuildFile; fileRef = EFB465A121B96B8100094F5F /* AppDelegate.swift */; };
		EFB465A621B96B8100094F5F /* Actions.sks in Resources */ = {isa = PBXBuildFile; fileRef = EFB465A521B96B8100094F5F /* Actions.sks */; };
		EFB465A821B96B8100094F5F /* GameScene.swift in Sources */ = {isa = PBXBuildFile; fileRef = EFB465A721B96B8100094F5F /* GameScene.swift */; };
		EFB465AA21B96B8100094F5F /* GameViewController.swift in Sources */ = {isa = PBXBuildFile; fileRef = EFB465A921B96B8100094F5F /* GameViewController.swift */; };
		EFB465AD21B96B8100094F5F /* Main.storyboard in Resources */ = {isa = PBXBuildFile; fileRef = EFB465AB21B96B8100094F5F /* Main.storyboard */; };
		EFB465AF21B96B8100094F5F /* Assets.xcassets in Resources */ = {isa = PBXBuildFile; fileRef = EFB465AE21B96B8100094F5F /* Assets.xcassets */; };
		EFB465B221B96B8100094F5F /* LaunchScreen.storyboard in Resources */ = {isa = PBXBuildFile; fileRef = EFB465B021B96B8100094F5F /* LaunchScreen.storyboard */; };
/* End PBXBuildFile section */

/* Begin PBXFileReference section */
		EF375A9E21BAB6FD00C42032 /* Array2D.swift */ = {isa = PBXFileReference; lastKnownFileType = sourcecode.swift; path = Array2D.swift; sourceTree = "<group>"; };
		EF7F30F021B96D0D00247E6D /* drop.mp3 */ = {isa = PBXFileReference; lastKnownFileType = audio.mp3; path = drop.mp3; sourceTree = "<group>"; };
		EF7F30F121B96D0D00247E6D /* levelup.mp3 */ = {isa = PBXFileReference; lastKnownFileType = audio.mp3; path = levelup.mp3; sourceTree = "<group>"; };
		EF7F30F221B96D0D00247E6D /* gameover.mp3 */ = {isa = PBXFileReference; lastKnownFileType = audio.mp3; path = gameover.mp3; sourceTree = "<group>"; };
		EF7F30F321B96D0D00247E6D /* theme.mp3 */ = {isa = PBXFileReference; lastKnownFileType = audio.mp3; path = theme.mp3; sourceTree = "<group>"; };
		EF7F30F421B96D0D00247E6D /* bomb.mp3 */ = {isa = PBXFileReference; lastKnownFileType = audio.mp3; path = bomb.mp3; sourceTree = "<group>"; };
		EF7F30FA21B96D2500247E6D /* Sprites.atlas */ = {isa = PBXFileReference; lastKnownFileType = folder.skatlas; path = Sprites.atlas; sourceTree = "<group>"; };
		EFB4659E21B96B8100094F5F /* Tetris.app */ = {isa = PBXFileReference; explicitFileType = wrapper.application; includeInIndex = 0; path = Tetris.app; sourceTree = BUILT_PRODUCTS_DIR; };
		EFB465A121B96B8100094F5F /* AppDelegate.swift */ = {isa = PBXFileReference; lastKnownFileType = sourcecode.swift; path = AppDelegate.swift; sourceTree = "<group>"; };
		EFB465A521B96B8100094F5F /* Actions.sks */ = {isa = PBXFileReference; lastKnownFileType = file.sks; path = Actions.sks; sourceTree = "<group>"; };
		EFB465A721B96B8100094F5F /* GameScene.swift */ = {isa = PBXFileReference; lastKnownFileType = sourcecode.swift; path = GameScene.swift; sourceTree = "<group>"; };
		EFB465A921B96B8100094F5F /* GameViewController.swift */ = {isa = PBXFileReference; lastKnownFileType = sourcecode.swift; path = GameViewController.swift; sourceTree = "<group>"; };
		EFB465AC21B96B8100094F5F /* Base */ = {isa = PBXFileReference; lastKnownFileType = file.storyboard; name = Base; path = Base.lproj/Main.storyboard; sourceTree = "<group>"; };
		EFB465AE21B96B8100094F5F /* Assets.xcassets */ = {isa = PBXFileReference; lastKnownFileType = folder.assetcatalog; path = Assets.xcassets; sourceTree = "<group>"; };
		EFB465B121B96B8100094F5F /* Base */ = {isa = PBXFileReference; lastKnownFileType = file.storyboard; name = Base; path = Base.lproj/LaunchScreen.storyboard; sourceTree = "<group>"; };
		EFB465B321B96B8200094F5F /* Info.plist */ = {isa = PBXFileReference; lastKnownFileType = text.plist.xml; path = Info.plist; sourceTree = "<group>"; };
/* End PBXFileReference section */

/* Begin PBXFrameworksBuildPhase section */
		EFB4659B21B96B8100094F5F /* Frameworks */ = {
			isa = PBXFrameworksBuildPhase;
			buildActionMask = 2147483647;
			files = (
			);
			runOnlyForDeploymentPostprocessing = 0;
		};
/* End PBXFrameworksBuildPhase section */

/* Begin PBXGroup section */
		EF7F30EF21B96D0D00247E6D /* Sounds */ = {
			isa = PBXGroup;
			children = (
				EF7F30F021B96D0D00247E6D /* drop.mp3 */,
				EF7F30F121B96D0D00247E6D /* levelup.mp3 */,
				EF7F30F221B96D0D00247E6D /* gameover.mp3 */,
				EF7F30F321B96D0D00247E6D /* theme.mp3 */,
				EF7F30F421B96D0D00247E6D /* bomb.mp3 */,
			);
			path = Sounds;
			sourceTree = "<group>";
		};
		EFB4659521B96B8100094F5F = {
			isa = PBXGroup;
			children = (
				EFB465A021B96B8100094F5F /* Tetris */,
				EFB4659F21B96B8100094F5F /* Products */,
			);
			sourceTree = "<group>";
		};
		EFB4659F21B96B8100094F5F /* Products */ = {
			isa = PBXGroup;
			children = (
				EFB4659E21B96B8100094F5F /* Tetris.app */,
			);
			name = Products;
			sourceTree = "<group>";
		};
		EFB465A021B96B8100094F5F /* Tetris */ = {
			isa = PBXGroup;
			children = (
				EFB465A121B96B8100094F5F /* AppDelegate.swift */,
				EFB465A521B96B8100094F5F /* Actions.sks */,
				EFB465A721B96B8100094F5F /* GameScene.swift */,
				EFB465A921B96B8100094F5F /* GameViewController.swift */,
				EF375A9E21BAB6FD00C42032 /* Array2D.swift */,
				EFB465AB21B96B8100094F5F /* Main.storyboard */,
				EF7F30FA21B96D2500247E6D /* Sprites.atlas */,
				EF7F30EF21B96D0D00247E6D /* Sounds */,
				EFB465AE21B96B8100094F5F /* Assets.xcassets */,
				EFB465B021B96B8100094F5F /* LaunchScreen.storyboard */,
				EFB465B321B96B8200094F5F /* Info.plist */,
			);
			path = Tetris;
			sourceTree = "<group>";
		};
/* End PBXGroup section */

/* Begin PBXNativeTarget section */
		EFB4659D21B96B8100094F5F /* Tetris */ = {
			isa = PBXNativeTarget;
			buildConfigurationList = EFB465B621B96B8200094F5F /* Build configuration list for PBXNativeTarget "Tetris" */;
			buildPhases = (
				EFB4659A21B96B8100094F5F /* Sources */,
				EFB4659B21B96B8100094F5F /* Frameworks */,
				EFB4659C21B96B8100094F5F /* Resources */,
			);
			buildRules = (
			);
			dependencies = (
			);
			name = Tetris;
			productName = Tetris;
			productReference = EFB4659E21B96B8100094F5F /* Tetris.app */;
			productType = "com.apple.product-type.application";
		};
/* End PBXNativeTarget section */

/* Begin PBXProject section */
		EFB4659621B96B8100094F5F /* Project object */ = {
			isa = PBXProject;
			attributes = {
				LastSwiftUpdateCheck = 0920;
				LastUpgradeCheck = 0920;
				ORGANIZATIONNAME = DGS;
				TargetAttributes = {
					EFB4659D21B96B8100094F5F = {
						CreatedOnToolsVersion = 9.2;
						ProvisioningStyle = Automatic;
					};
				};
			};
			buildConfigurationList = EFB4659921B96B8100094F5F /* Build configuration list for PBXProject "Tetris" */;
			compatibilityVersion = "Xcode 8.0";
			developmentRegion = en;
			hasScannedForEncodings = 0;
			knownRegions = (
				en,
				Base,
			);
			mainGroup = EFB4659521B96B8100094F5F;
			productRefGroup = EFB4659F21B96B8100094F5F /* Products */;
			projectDirPath = "";
			projectRoot = "";
			targets = (
				EFB4659D21B96B8100094F5F /* Tetris */,
			);
		};
/* End PBXProject section */

/* Begin PBXResourcesBuildPhase section */
		EFB4659C21B96B8100094F5F /* Resources */ = {
			isa = PBXResourcesBuildPhase;
			buildActionMask = 2147483647;
			files = (
				EF7F30F721B96D0D00247E6D /* gameover.mp3 in Resources */,
				EFB465AD21B96B8100094F5F /* Main.storyboard in Resources */,
				EF7F30F921B96D0D00247E6D /* bomb.mp3 in Resources */,
				EF7F30F821B96D0D00247E6D /* theme.mp3 in Resources */,
				EF7F30FB21B96D2500247E6D /* Sprites.atlas in Resources */,
				EF7F30F521B96D0D00247E6D /* drop.mp3 in Resources */,
				EFB465AF21B96B8100094F5F /* Assets.xcassets in Resources */,
				EFB465B221B96B8100094F5F /* LaunchScreen.storyboard in Resources */,
				EF7F30F621B96D0D00247E6D /* levelup.mp3 in Resources */,
				EFB465A621B96B8100094F5F /* Actions.sks in Resources */,
			);
			runOnlyForDeploymentPostprocessing = 0;
		};
/* End PBXResourcesBuildPhase section */

/* Begin PBXSourcesBuildPhase section */
		EFB4659A21B96B8100094F5F /* Sources */ = {
			isa = PBXSourcesBuildPhase;
			buildActionMask = 2147483647;
			files = (
				EFB465A821B96B8100094F5F /* GameScene.swift in Sources */,
				EF375A9F21BAB6FE00C42032 /* Array2D.swift in Sources */,
				EFB465AA21B96B8100094F5F /* GameViewController.swift in Sources */,
				EFB465A221B96B8100094F5F /* AppDelegate.swift in Sources */,
			);
			runOnlyForDeploymentPostprocessing = 0;
		};
/* End PBXSourcesBuildPhase section */

/* Begin PBXVariantGroup section */
		EFB465AB21B96B8100094F5F /* Main.storyboard */ = {
			isa = PBXVariantGroup;
			children = (
				EFB465AC21B96B8100094F5F /* Base */,
			);
			name = Main.storyboard;
			sourceTree = "<group>";
		};
		EFB465B021B96B8100094F5F /* LaunchScreen.storyboard */ = {
			isa = PBXVariantGroup;
			children = (
				EFB465B121B96B8100094F5F /* Base */,
			);
			name = LaunchScreen.storyboard;
			sourceTree = "<group>";
		};
/* End PBXVariantGroup section */

/* Begin XCBuildConfiguration section */
		EFB465B421B96B8200094F5F /* Debug */ = {
			isa = XCBuildConfiguration;
			buildSettings = {
				ALWAYS_SEARCH_USER_PATHS = NO;
				CLANG_ANALYZER_NONNULL = YES;
				CLANG_ANALYZER_NUMBER_OBJECT_CONVERSION = YES_AGGRESSIVE;
				CLANG_CXX_LANGUAGE_STANDARD = "gnu++14";
				CLANG_CXX_LIBRARY = "libc++";
				CLANG_ENABLE_MODULES = YES;
				CLANG_ENABLE_OBJC_ARC = YES;
				CLANG_WARN_BLOCK_CAPTURE_AUTORELEASING = YES;
				CLANG_WARN_BOOL_CONVERSION = YES;
				CLANG_WARN_COMMA = YES;
				CLANG_WARN_CONSTANT_CONVERSION = YES;
				CLANG_WARN_DIRECT_OBJC_ISA_USAGE = YES_ERROR;
				CLANG_WARN_DOCUMENTATION_COMMENTS = YES;
				CLANG_WARN_EMPTY_BODY = YES;
				CLANG_WARN_ENUM_CONVERSION = YES;
				CLANG_WARN_INFINITE_RECURSION = YES;
				CLANG_WARN_INT_CONVERSION = YES;
				CLANG_WARN_NON_LITERAL_NULL_CONVERSION = YES;
				CLANG_WARN_OBJC_LITERAL_CONVERSION = YES;
				CLANG_WARN_OBJC_ROOT_CLASS = YES_ERROR;
				CLANG_WARN_RANGE_LOOP_ANALYSIS = YES;
				CLANG_WARN_STRICT_PROTOTYPES = YES;
				CLANG_WARN_SUSPICIOUS_MOVE = YES;
				CLANG_WARN_UNGUARDED_AVAILABILITY = YES_AGGRESSIVE;
				CLANG_WARN_UNREACHABLE_CODE = YES;
				CLANG_WARN__DUPLICATE_METHOD_MATCH = YES;
				CODE_SIGN_IDENTITY = "iPhone Developer";
				COPY_PHASE_STRIP = NO;
				DEBUG_INFORMATION_FORMAT = dwarf;
				ENABLE_STRICT_OBJC_MSGSEND = YES;
				ENABLE_TESTABILITY = YES;
				GCC_C_LANGUAGE_STANDARD = gnu11;
				GCC_DYNAMIC_NO_PIC = NO;
				GCC_NO_COMMON_BLOCKS = YES;
				GCC_OPTIMIZATION_LEVEL = 0;
				GCC_PREPROCESSOR_DEFINITIONS = (
					"DEBUG=1",
					"$(inherited)",
				);
				GCC_WARN_64_TO_32_BIT_CONVERSION = YES;
				GCC_WARN_ABOUT_RETURN_TYPE = YES_ERROR;
				GCC_WARN_UNDECLARED_SELECTOR = YES;
				GCC_WARN_UNINITIALIZED_AUTOS = YES_AGGRESSIVE;
				GCC_WARN_UNUSED_FUNCTION = YES;
				GCC_WARN_UNUSED_VARIABLE = YES;
				IPHONEOS_DEPLOYMENT_TARGET = 11.2;
				MTL_ENABLE_DEBUG_INFO = YES;
				ONLY_ACTIVE_ARCH = YES;
				SDKROOT = iphoneos;
				SWIFT_ACTIVE_COMPILATION_CONDITIONS = DEBUG;
				SWIFT_OPTIMIZATION_LEVEL = "-Onone";
			};
			name = Debug;
		};
		EFB465B521B96B8200094F5F /* Release */ = {
			isa = XCBuildConfiguration;
			buildSettings = {
				ALWAYS_SEARCH_USER_PATHS = NO;
				CLANG_ANALYZER_NONNULL = YES;
				CLANG_ANALYZER_NUMBER_OBJECT_CONVERSION = YES_AGGRESSIVE;
				CLANG_CXX_LANGUAGE_STANDARD = "gnu++14";
				CLANG_CXX_LIBRARY = "libc++";
				CLANG_ENABLE_MODULES = YES;
				CLANG_ENABLE_OBJC_ARC = YES;
				CLANG_WARN_BLOCK_CAPTURE_AUTORELEASING = YES;
				CLANG_WARN_BOOL_CONVERSION = YES;
				CLANG_WARN_COMMA = YES;
				CLANG_WARN_CONSTANT_CONVERSION = YES;
				CLANG_WARN_DIRECT_OBJC_ISA_USAGE = YES_ERROR;
				CLANG_WARN_DOCUMENTATION_COMMENTS = YES;
				CLANG_WARN_EMPTY_BODY = YES;
				CLANG_WARN_ENUM_CONVERSION = YES;
				CLANG_WARN_INFINITE_RECURSION = YES;
				CLANG_WARN_INT_CONVERSION = YES;
				CLANG_WARN_NON_LITERAL_NULL_CONVERSION = YES;
				CLANG_WARN_OBJC_LITERAL_CONVERSION = YES;
				CLANG_WARN_OBJC_ROOT_CLASS = YES_ERROR;
				CLANG_WARN_RANGE_LOOP_ANALYSIS = YES;
				CLANG_WARN_STRICT_PROTOTYPES = YES;
				CLANG_WARN_SUSPICIOUS_MOVE = YES;
				CLANG_WARN_UNGUARDED_AVAILABILITY = YES_AGGRESSIVE;
				CLANG_WARN_UNREACHABLE_CODE = YES;
				CLANG_WARN__DUPLICATE_METHOD_MATCH = YES;
				CODE_SIGN_IDENTITY = "iPhone Developer";
				COPY_PHASE_STRIP = NO;
				DEBUG_INFORMATION_FORMAT = "dwarf-with-dsym";
				ENABLE_NS_ASSERTIONS = NO;
				ENABLE_STRICT_OBJC_MSGSEND = YES;
				GCC_C_LANGUAGE_STANDARD = gnu11;
				GCC_NO_COMMON_BLOCKS = YES;
				GCC_WARN_64_TO_32_BIT_CONVERSION = YES;
				GCC_WARN_ABOUT_RETURN_TYPE = YES_ERROR;
				GCC_WARN_UNDECLARED_SELECTOR = YES;
				GCC_WARN_UNINITIALIZED_AUTOS = YES_AGGRESSIVE;
				GCC_WARN_UNUSED_FUNCTION = YES;
				GCC_WARN_UNUSED_VARIABLE = YES;
				IPHONEOS_DEPLOYMENT_TARGET = 11.2;
				MTL_ENABLE_DEBUG_INFO = NO;
				SDKROOT = iphoneos;
				SWIFT_OPTIMIZATION_LEVEL = "-Owholemodule";
				VALIDATE_PRODUCT = YES;
			};
			name = Release;
		};
		EFB465B721B96B8200094F5F /* Debug */ = {
			isa = XCBuildConfiguration;
			buildSettings = {
				ASSETCATALOG_COMPILER_APPICON_NAME = AppIcon;
				CODE_SIGN_STYLE = Automatic;
				INFOPLIST_FILE = Tetris/Info.plist;
				LD_RUNPATH_SEARCH_PATHS = "$(inherited) @executable_path/Frameworks";
				PRODUCT_BUNDLE_IDENTIFIER = dgs.Tetris;
				PRODUCT_NAME = "$(TARGET_NAME)";
				SWIFT_VERSION = 4.0;
				TARGETED_DEVICE_FAMILY = "1,2";
			};
			name = Debug;
		};
		EFB465B821B96B8200094F5F /* Release */ = {
			isa = XCBuildConfiguration;
			buildSettings = {
				ASSETCATALOG_COMPILER_APPICON_NAME = AppIcon;
				CODE_SIGN_STYLE = Automatic;
				INFOPLIST_FILE = Tetris/Info.plist;
				LD_RUNPATH_SEARCH_PATHS = "$(inherited) @executable_path/Frameworks";
				PRODUCT_BUNDLE_IDENTIFIER = dgs.Tetris;
				PRODUCT_NAME = "$(TARGET_NAME)";
				SWIFT_VERSION = 4.0;
				TARGETED_DEVICE_FAMILY = "1,2";
			};
			name = Release;
		};
/* End XCBuildConfiguration section */

/* Begin XCConfigurationList section */
		EFB4659921B96B8100094F5F /* Build configuration list for PBXProject "Tetris" */ = {
			isa = XCConfigurationList;
			buildConfigurations = (
				EFB465B421B96B8200094F5F /* Debug */,
				EFB465B521B96B8200094F5F /* Release */,
			);
			defaultConfigurationIsVisible = 0;
			defaultConfigurationName = Release;
		};
		EFB465B621B96B8200094F5F /* Build configuration list for PBXNativeTarget "Tetris" */ = {
			isa = XCConfigurationList;
			buildConfigurations = (
				EFB465B721B96B8200094F5F /* Debug */,
				EFB465B821B96B8200094F5F /* Release */,
			);
			defaultConfigurationIsVisible = 0;
			defaultConfigurationName = Release;
		};
/* End XCConfigurationList section */
	};
	rootObject = EFB4659621B96B8100094F5F /* Project object */;
}
